{
    "_readme": [
        "This file locks the dependencies of your project to a known state",
        "Read more about it at https://getcomposer.org/doc/01-basic-usage.md#composer-lock-the-lock-file",
        "This file is @generated automatically"
    ],
    "hash": "ec822f21c73b82577cd87398f444f1aa",
    "content-hash": "33bcdb27c73ceb90f629e60b2ab6c57c",
    "packages": [
        {
            "name": "kint-php/kint",
            "version": "1.1",
            "source": {
                "type": "git",
                "url": "https://github.com/kint-php/kint.git",
                "reference": "a8549198558560b24e2879c6bac2875de5371483"
            },
            "dist": {
                "type": "zip",
                "url": "https://api.github.com/repos/kint-php/kint/zipball/a8549198558560b24e2879c6bac2875de5371483",
                "reference": "a8549198558560b24e2879c6bac2875de5371483",
                "shasum": ""
            },
            "require": {
                "php": ">=5.1.0"
            },
            "type": "library",
            "extra": {
                "branch-alias": {
                    "dev-master": "1.0.x-dev"
                }
            },
            "autoload": {
                "files": [
                    "Kint.class.php"
                ]
            },
            "notification-url": "https://packagist.org/downloads/",
            "license": [
                "MIT"
            ],
            "authors": [
                {
                    "name": "Rokas Šleinius",
                    "homepage": "https://github.com/kint-php"
                },
                {
                    "name": "Contributors",
                    "homepage": "https://github.com/kint-php/kint/contributors"
                }
            ],
            "description": "Kint - debugging helper for PHP developers",
            "homepage": "https://github.com/kint-php/kint",
            "keywords": [
                "debug",
                "kint",
                "php"
            ],
            "time": "2017-01-15 14:23:43"
        }
    ],
    "packages-dev": [],
    "aliases": [],
    "minimum-stability": "stable",
    "stability-flags": [],
    "prefer-stable": false,
    "prefer-lowest": false,
    "platform": [],
    "platform-dev": []
}
